
Microsoft Visual Studio Solution File, Format Version 12.00
# Visual Studio Version 17
VisualStudioVersion = 17.11.35208.52
MinimumVisualStudioVersion = 10.0.40219.1
Project("{9A19103F-16F7-4668-BE54-9A1E7A4F7556}") = "RundownEditorCore", "RundownEditorCore\RundownEditorCore.csproj", "{07A467F8-72CD-4CD4-BAEE-6AD4E1358931}"
EndProject
Project("{9A19103F-16F7-4668-BE54-9A1E7A4F7556}") = "TeleprompterSimulator", "TeleprompterSimulator\TeleprompterSimulator.csproj", "{CF13503B-A63D-41B1-BFFC-197D95E8E294}"
EndProject
Project("{9A19103F-16F7-4668-BE54-9A1E7A4F7556}") = "KafkaServiceTestApp", "KafkaFactoryTestApp\KafkaServiceTestApp.csproj", "{D2429722-1EDF-4382-82F4-6AE00A892F71}"
EndProject
Project("{9A19103F-16F7-4668-BE54-9A1E7A4F7556}") = "KafkaServiceLibrary", "KafkaFactoryLibrary\KafkaServiceLibrary.csproj", "{6DCCEC9F-D12E-45AA-8325-992EF87A3961}"
EndProject
Project("{9A19103F-16F7-4668-BE54-9A1E7A4F7556}") = "ControlRoomDbService", "ControlroomDbService\ControlRoomDbService.csproj", "{429CF27F-E57A-4764-B55D-A3DA6EB0497D}"
EndProject
Project("{9A19103F-16F7-4668-BE54-9A1E7A4F7556}") = "ApiGateway", "ApiGateway\ApiGateway.csproj", "{FB12D29C-8C36-474E-8C7C-E672BE83D6C1}"
EndProject
Project("{9A19103F-16F7-4668-BE54-9A1E7A4F7556}") = "AggregatorService", "AggregatorService\AggregatorService.csproj", "{CD7E80F2-1DAE-40E1-8167-60746F894AE4}"
EndProject
Project("{9A19103F-16F7-4668-BE54-9A1E7A4F7556}") = "RundownDbService", "RundownDbService\RundownDbService.csproj", "{3DA8A918-53AC-406A-BB17-810ED554DC81}"
EndProject
Project("{9A19103F-16F7-4668-BE54-9A1E7A4F7556}") = "TemplateDbService", "TemplateDbService\TemplateDbService.csproj", "{22730A71-6804-4378-BEC2-69112AB6BC7D}"
EndProject
Project("{9A19103F-16F7-4668-BE54-9A1E7A4F7556}") = "RundownDbService.Tests", "RundownDbService.Tests\RundownDbService.Tests.csproj", "{CC76A1A5-E86F-49C9-A24E-25D83643F9C8}"
EndProject
Project("{9A19103F-16F7-4668-BE54-9A1E7A4F7556}") = "CommonClassLibrary", "CommonClassLibrary\CommonClassLibrary.csproj", "{5FA0ED87-6AF5-4599-BBFA-7CB2BD2C28DE}"
EndProject
Project("{9A19103F-16F7-4668-BE54-9A1E7A4F7556}") = "MediaRelationDialogApp", "MediaRelationDialogApp\MediaRelationDialogApp.csproj", "{B9C5885F-F464-4776-8EF9-DCD00F05F8AE}"
EndProject
Project("{9A19103F-16F7-4668-BE54-9A1E7A4F7556}") = "LogStoreService", "LogStoreService\LogStoreService.csproj", "{A41AC57C-8F8D-41CE-8339-B77EB81CA04A}"
EndProject
Project("{9A19103F-16F7-4668-BE54-9A1E7A4F7556}") = "RemoteLoggerLibrary", "RemoteLoggerLibrary\RemoteLoggerLibrary.csproj", "{A87E40CE-6633-41A9-A0E8-3C456CDFBD82}"
EndProject
Project("{9A19103F-16F7-4668-BE54-9A1E7A4F7556}") = "ControlRoomDbService.Tests", "ControlRoomDbService.Tests\ControlRoomDbService.Tests.csproj", "{FA7C0B2F-A812-4B4D-AC40-1AE4508B939D}"
EndProject
Project("{FAE04EC0-301F-11D3-BF4B-00C04F79EFBC}") = "RundownEditorCore.Tests", "RundownEditorCore.Tests\RundownEditorCore.Tests.csproj", "{BB0308D3-E756-475D-BD45-ADE014FE6521}"
EndProject
Global
	GlobalSection(SolutionConfigurationPlatforms) = preSolution
		Debug|Any CPU = Debug|Any CPU
		Release|Any CPU = Release|Any CPU
	EndGlobalSection
	GlobalSection(ProjectConfigurationPlatforms) = postSolution
		{07A467F8-72CD-4CD4-BAEE-6AD4E1358931}.Debug|Any CPU.ActiveCfg = Debug|Any CPU
		{07A467F8-72CD-4CD4-BAEE-6AD4E1358931}.Debug|Any CPU.Build.0 = Debug|Any CPU
		{07A467F8-72CD-4CD4-BAEE-6AD4E1358931}.Release|Any CPU.ActiveCfg = Release|Any CPU
		{07A467F8-72CD-4CD4-BAEE-6AD4E1358931}.Release|Any CPU.Build.0 = Release|Any CPU
		{CF13503B-A63D-41B1-BFFC-197D95E8E294}.Debug|Any CPU.ActiveCfg = Debug|Any CPU
		{CF13503B-A63D-41B1-BFFC-197D95E8E294}.Debug|Any CPU.Build.0 = Debug|Any CPU
		{CF13503B-A63D-41B1-BFFC-197D95E8E294}.Release|Any CPU.ActiveCfg = Release|Any CPU
		{CF13503B-A63D-41B1-BFFC-197D95E8E294}.Release|Any CPU.Build.0 = Release|Any CPU
		{D2429722-1EDF-4382-82F4-6AE00A892F71}.Debug|Any CPU.ActiveCfg = Debug|Any CPU
		{D2429722-1EDF-4382-82F4-6AE00A892F71}.Debug|Any CPU.Build.0 = Debug|Any CPU
		{D2429722-1EDF-4382-82F4-6AE00A892F71}.Release|Any CPU.ActiveCfg = Release|Any CPU
		{D2429722-1EDF-4382-82F4-6AE00A892F71}.Release|Any CPU.Build.0 = Release|Any CPU
		{6DCCEC9F-D12E-45AA-8325-992EF87A3961}.Debug|Any CPU.ActiveCfg = Debug|Any CPU
		{6DCCEC9F-D12E-45AA-8325-992EF87A3961}.Debug|Any CPU.Build.0 = Debug|Any CPU
		{6DCCEC9F-D12E-45AA-8325-992EF87A3961}.Release|Any CPU.ActiveCfg = Release|Any CPU
		{6DCCEC9F-D12E-45AA-8325-992EF87A3961}.Release|Any CPU.Build.0 = Release|Any CPU
		{429CF27F-E57A-4764-B55D-A3DA6EB0497D}.Debug|Any CPU.ActiveCfg = Debug|Any CPU
		{429CF27F-E57A-4764-B55D-A3DA6EB0497D}.Debug|Any CPU.Build.0 = Debug|Any CPU
		{429CF27F-E57A-4764-B55D-A3DA6EB0497D}.Release|Any CPU.ActiveCfg = Release|Any CPU
		{429CF27F-E57A-4764-B55D-A3DA6EB0497D}.Release|Any CPU.Build.0 = Release|Any CPU
		{FB12D29C-8C36-474E-8C7C-E672BE83D6C1}.Debug|Any CPU.ActiveCfg = Debug|Any CPU
		{FB12D29C-8C36-474E-8C7C-E672BE83D6C1}.Debug|Any CPU.Build.0 = Debug|Any CPU
		{FB12D29C-8C36-474E-8C7C-E672BE83D6C1}.Release|Any CPU.ActiveCfg = Release|Any CPU
		{FB12D29C-8C36-474E-8C7C-E672BE83D6C1}.Release|Any CPU.Build.0 = Release|Any CPU
		{CD7E80F2-1DAE-40E1-8167-60746F894AE4}.Debug|Any CPU.ActiveCfg = Debug|Any CPU
		{CD7E80F2-1DAE-40E1-8167-60746F894AE4}.Debug|Any CPU.Build.0 = Debug|Any CPU
		{CD7E80F2-1DAE-40E1-8167-60746F894AE4}.Release|Any CPU.ActiveCfg = Release|Any CPU
		{CD7E80F2-1DAE-40E1-8167-60746F894AE4}.Release|Any CPU.Build.0 = Release|Any CPU
		{3DA8A918-53AC-406A-BB17-810ED554DC81}.Debug|Any CPU.ActiveCfg = Debug|Any CPU
		{3DA8A918-53AC-406A-BB17-810ED554DC81}.Debug|Any CPU.Build.0 = Debug|Any CPU
		{3DA8A918-53AC-406A-BB17-810ED554DC81}.Release|Any CPU.ActiveCfg = Release|Any CPU
		{3DA8A918-53AC-406A-BB17-810ED554DC81}.Release|Any CPU.Build.0 = Release|Any CPU
		{22730A71-6804-4378-BEC2-69112AB6BC7D}.Debug|Any CPU.ActiveCfg = Debug|Any CPU
		{22730A71-6804-4378-BEC2-69112AB6BC7D}.Debug|Any CPU.Build.0 = Debug|Any CPU
		{22730A71-6804-4378-BEC2-69112AB6BC7D}.Release|Any CPU.ActiveCfg = Release|Any CPU
		{22730A71-6804-4378-BEC2-69112AB6BC7D}.Release|Any CPU.Build.0 = Release|Any CPU
		{CC76A1A5-E86F-49C9-A24E-25D83643F9C8}.Debug|Any CPU.ActiveCfg = Debug|Any CPU
		{CC76A1A5-E86F-49C9-A24E-25D83643F9C8}.Debug|Any CPU.Build.0 = Debug|Any CPU
		{CC76A1A5-E86F-49C9-A24E-25D83643F9C8}.Release|Any CPU.ActiveCfg = Release|Any CPU
		{CC76A1A5-E86F-49C9-A24E-25D83643F9C8}.Release|Any CPU.Build.0 = Release|Any CPU
		{5FA0ED87-6AF5-4599-BBFA-7CB2BD2C28DE}.Debug|Any CPU.ActiveCfg = Debug|Any CPU
		{5FA0ED87-6AF5-4599-BBFA-7CB2BD2C28DE}.Debug|Any CPU.Build.0 = Debug|Any CPU
		{5FA0ED87-6AF5-4599-BBFA-7CB2BD2C28DE}.Release|Any CPU.ActiveCfg = Release|Any CPU
		{5FA0ED87-6AF5-4599-BBFA-7CB2BD2C28DE}.Release|Any CPU.Build.0 = Release|Any CPU
		{B9C5885F-F464-4776-8EF9-DCD00F05F8AE}.Debug|Any CPU.ActiveCfg = Debug|Any CPU
		{B9C5885F-F464-4776-8EF9-DCD00F05F8AE}.Debug|Any CPU.Build.0 = Debug|Any CPU
		{B9C5885F-F464-4776-8EF9-DCD00F05F8AE}.Debug|Any CPU.Deploy.0 = Debug|Any CPU
		{B9C5885F-F464-4776-8EF9-DCD00F05F8AE}.Release|Any CPU.ActiveCfg = Release|Any CPU
		{B9C5885F-F464-4776-8EF9-DCD00F05F8AE}.Release|Any CPU.Build.0 = Release|Any CPU
		{B9C5885F-F464-4776-8EF9-DCD00F05F8AE}.Release|Any CPU.Deploy.0 = Release|Any CPU
		{A41AC57C-8F8D-41CE-8339-B77EB81CA04A}.Debug|Any CPU.ActiveCfg = Debug|Any CPU
		{A41AC57C-8F8D-41CE-8339-B77EB81CA04A}.Debug|Any CPU.Build.0 = Debug|Any CPU
		{A41AC57C-8F8D-41CE-8339-B77EB81CA04A}.Release|Any CPU.ActiveCfg = Release|Any CPU
		{A41AC57C-8F8D-41CE-8339-B77EB81CA04A}.Release|Any CPU.Build.0 = Release|Any CPU
		{A87E40CE-6633-41A9-A0E8-3C456CDFBD82}.Debug|Any CPU.ActiveCfg = Debug|Any CPU
		{A87E40CE-6633-41A9-A0E8-3C456CDFBD82}.Debug|Any CPU.Build.0 = Debug|Any CPU
		{A87E40CE-6633-41A9-A0E8-3C456CDFBD82}.Release|Any CPU.ActiveCfg = Release|Any CPU
		{A87E40CE-6633-41A9-A0E8-3C456CDFBD82}.Release|Any CPU.Build.0 = Release|Any CPU
		{FA7C0B2F-A812-4B4D-AC40-1AE4508B939D}.Debug|Any CPU.ActiveCfg = Debug|Any CPU
		{FA7C0B2F-A812-4B4D-AC40-1AE4508B939D}.Debug|Any CPU.Build.0 = Debug|Any CPU
		{FA7C0B2F-A812-4B4D-AC40-1AE4508B939D}.Release|Any CPU.ActiveCfg = Release|Any CPU
		{FA7C0B2F-A812-4B4D-AC40-1AE4508B939D}.Release|Any CPU.Build.0 = Release|Any CPU
		{BB0308D3-E756-475D-BD45-ADE014FE6521}.Debug|Any CPU.ActiveCfg = Debug|Any CPU
		{BB0308D3-E756-475D-BD45-ADE014FE6521}.Debug|Any CPU.Build.0 = Debug|Any CPU
		{BB0308D3-E756-475D-BD45-ADE014FE6521}.Release|Any CPU.ActiveCfg = Release|Any CPU
		{BB0308D3-E756-475D-BD45-ADE014FE6521}.Release|Any CPU.Build.0 = Release|Any CPU
	EndGlobalSection
	GlobalSection(SolutionProperties) = preSolution
		HideSolutionNode = FALSE
	EndGlobalSection
	GlobalSection(ExtensibilityGlobals) = postSolution
		SolutionGuid = {0BE1AD71-5561-49CA-B180-927A8A515656}
	EndGlobalSection
EndGlobal
